{
  "lockfileVersion": 1,
  "configVersion": 1,
  "workspaces": {
    "": {
      "name": "@deco/cf-sandbox",
      "dependencies": {
        "@jitl/quickjs-wasmfile-release-sync": "^0.31.0",
        "quickjs-emscripten-core": "^0.31.0",
      },
      "devDependencies": {
        "@types/node": "^24.6.2",
      },
    },
  },
  "packages": {
    "@jitl/quickjs-ffi-types": ["@jitl/quickjs-ffi-types@0.31.0", "", {}, "sha512-1yrgvXlmXH2oNj3eFTrkwacGJbmM0crwipA3ohCrjv52gBeDaD7PsTvFYinlAnqU8iPME3LGP437yk05a2oejw=="],

    "@jitl/quickjs-wasmfile-release-sync": ["@jitl/quickjs-wasmfile-release-sync@0.31.0", "", { "dependencies": { "@jitl/quickjs-ffi-types": "0.31.0" } }, "sha512-hYduecOByj9AsAfsJhZh5nA6exokmuFC8cls39+lYmTCGY51bgjJJJwReEu7Ff7vBWaQCL6TeDdVlnp2WYz0jw=="],

    "@types/node": ["@types/node@24.10.1", "", { "dependencies": { "undici-types": "~7.16.0" } }, "sha512-GNWcUTRBgIRJD5zj+Tq0fKOJ5XZajIiBroOF0yvj2bSU1WvNdYS/dn9UxwsujGW4JX06dnHyjV2y9rRaybH0iQ=="],

    "quickjs-emscripten-core": ["quickjs-emscripten-core@0.31.0", "", { "dependencies": { "@jitl/quickjs-ffi-types": "0.31.0" } }, "sha512-oQz8p0SiKDBc1TC7ZBK2fr0GoSHZKA0jZIeXxsnCyCs4y32FStzCW4d1h6E1sE0uHDMbGITbk2zhNaytaoJwXQ=="],

    "undici-types": ["undici-types@7.16.0", "", {}, "sha512-Zz+aZWSj8LE6zoxD+xrjh4VfkIG8Ya6LvYkZqtUQGJPZjYl53ypCaUwWqo7eI0x66KBGeRo+mlBEkMSeSZ38Nw=="],
  }
}
